
Microsoft Visual Studio Solution File, Format Version 12.00
# Visual Studio 15
VisualStudioVersion = 15.0.26730.10
MinimumVisualStudioVersion = 10.0.40219.1
Project("{8BC9CEB8-8B4A-11D0-8D11-00A0C91BC942}") = "ServerPlugin", "ServerPlugin.vcxproj", "{25AA5AF4-EE36-4906-9EC4-BB3A4B8F78D5}"
EndProject
Global
	GlobalSection(SolutionConfigurationPlatforms) = preSolution
		Debug|Win32 = Debug|Win32
		Release|Win32 = Release|Win32
	EndGlobalSection
	GlobalSection(ProjectConfigurationPlatforms) = postSolution
		{25AA5AF4-EE36-4906-9EC4-BB3A4B8F78D5}.Debug|Win32.ActiveCfg = Debug|Win32
		{25AA5AF4-EE36-4906-9EC4-BB3A4B8F78D5}.Debug|Win32.Build.0 = Debug|Win32
		{25AA5AF4-EE36-4906-9EC4-BB3A4B8F78D5}.Release|Win32.ActiveCfg = Release|Win32
		{25AA5AF4-EE36-4906-9EC4-BB3A4B8F78D5}.Release|Win32.Build.0 = Release|Win32
	EndGlobalSection
	GlobalSection(SolutionProperties) = preSolution
		HideSolutionNode = FALSE
	EndGlobalSection
	GlobalSection(ExtensibilityGlobals) = postSolution
		SolutionGuid = {4CA45C48-AC1F-4FA4-9158-C59665890609}
	EndGlobalSection
EndGlobal
