<?xml version="1.0" encoding="utf-8"?>
<Project ToolsVersion="4.0" xmlns="http://schemas.microsoft.com/developer/msbuild/2003">
  <ItemGroup>
    <Filter Include="Source Files">
      <UniqueIdentifier>{9087cfeb-7d3e-4eaa-806a-b6b57bdec975}</UniqueIdentifier>
      <Extensions>cpp;c;cxx;rc;def;r;odl;idl;hpj;bat</Extensions>
    </Filter>
    <Filter Include="Header Files">
      <UniqueIdentifier>{954cceaf-31fe-4016-a906-699314d16558}</UniqueIdentifier>
      <Extensions>h;hpp;hxx;hm;inl</Extensions>
    </Filter>
    <Filter Include="Resource Files">
      <UniqueIdentifier>{1205f213-51fe-4183-ab8d-88d04b2d0d89}</UniqueIdentifier>
      <Extensions>ico;cur;bmp;dlg;rc2;rct;bin;rgs;gif;jpg;jpeg;jpe</Extensions>
    </Filter>
  </ItemGroup>
  <ItemGroup>
    <ClCompile Include="ServerPlugin.cpp">
      <Filter>Source Files</Filter>
    </ClCompile>
    <ClCompile Include="StdAfx.cpp">
      <Filter>Source Files</Filter>
    </ClCompile>
    <ClCompile Include="CProcessor.cpp">
      <Filter>Source Files</Filter>
    </ClCompile>
    <ClCompile Include="MyIOCP.cpp">
      <Filter>Source Files</Filter>
    </ClCompile>
    <ClCompile Include="IOCP\table.c">
      <Filter>Source Files</Filter>
    </ClCompile>
    <ClCompile Include="IOCP\BaseIOCPServer.cpp">
      <Filter>Source Files</Filter>
    </ClCompile>
    <ClCompile Include="IOCP\IOCPBuffer.cpp">
      <Filter>Source Files</Filter>
    </ClCompile>
    <ClCompile Include="IOCP\IOCPDebug.cpp">
      <Filter>Source Files</Filter>
    </ClCompile>
    <ClCompile Include="IOCP\PackageIOCP.cpp">
      <Filter>Source Files</Filter>
    </ClCompile>
    <ClCompile Include="IOCP\PackageIOCPClient.cpp">
      <Filter>Source Files</Filter>
    </ClCompile>
    <ClCompile Include="IOCP\TextIOCPClient.cpp">
      <Filter>Source Files</Filter>
    </ClCompile>
    <ClCompile Include="IOCP\TextIOCPServer.cpp">
      <Filter>Source Files</Filter>
    </ClCompile>
    <ClCompile Include="IOCP\ThreadPool.cpp">
      <Filter>Source Files</Filter>
    </ClCompile>
    <ClCompile Include="SocketConnectionPool.cpp">
      <Filter>Source Files</Filter>
    </ClCompile>
    <ClCompile Include="Utils.cpp">
      <Filter>Source Files</Filter>
    </ClCompile>
    <ClCompile Include="config\Configuration.cpp">
      <Filter>Source Files</Filter>
    </ClCompile>
    <ClCompile Include="config\stringfile.cpp">
      <Filter>Source Files</Filter>
    </ClCompile>
    <ClCompile Include="TaskManagement.cpp">
      <Filter>Source Files</Filter>
    </ClCompile>
    <ClCompile Include="TradeTask.cpp">
      <Filter>Source Files</Filter>
    </ClCompile>
    <ClCompile Include="md5.cpp">
      <Filter>Source Files</Filter>
    </ClCompile>
  </ItemGroup>
  <ItemGroup>
    <ClInclude Include="StdAfx.h">
      <Filter>Header Files</Filter>
    </ClInclude>
    <ClInclude Include="sync.h">
      <Filter>Header Files</Filter>
    </ClInclude>
    <ClInclude Include="CProcessor.h">
      <Filter>Header Files</Filter>
    </ClInclude>
    <ClInclude Include="MyIOCP.h">
      <Filter>Header Files</Filter>
    </ClInclude>
    <ClInclude Include="IOCP\BaseIOCPServer.h">
      <Filter>Header Files</Filter>
    </ClInclude>
    <ClInclude Include="IOCP\IOCPBuffer.h">
      <Filter>Header Files</Filter>
    </ClInclude>
    <ClInclude Include="IOCP\IOCPBufferReader.h">
      <Filter>Header Files</Filter>
    </ClInclude>
    <ClInclude Include="IOCP\IOCPBufferWriter.h">
      <Filter>Header Files</Filter>
    </ClInclude>
    <ClInclude Include="IOCP\IOCPCommon.h">
      <Filter>Header Files</Filter>
    </ClInclude>
    <ClInclude Include="IOCP\IOCPMemoryOverride.h">
      <Filter>Header Files</Filter>
    </ClInclude>
    <ClInclude Include="IOCP\IOCPMemPool.h">
      <Filter>Header Files</Filter>
    </ClInclude>
    <ClInclude Include="IOCP\IOCPMutex.h">
      <Filter>Header Files</Filter>
    </ClInclude>
    <ClInclude Include="IOCP\IOCPQueue.h">
      <Filter>Header Files</Filter>
    </ClInclude>
    <ClInclude Include="IOCP\PackageIOCP.h">
      <Filter>Header Files</Filter>
    </ClInclude>
    <ClInclude Include="IOCP\PackageIOCPClient.h">
      <Filter>Header Files</Filter>
    </ClInclude>
    <ClInclude Include="IOCP\RunObject.h">
      <Filter>Header Files</Filter>
    </ClInclude>
    <ClInclude Include="IOCP\table.h">
      <Filter>Header Files</Filter>
    </ClInclude>
    <ClInclude Include="IOCP\TextIOCPClient.h">
      <Filter>Header Files</Filter>
    </ClInclude>
    <ClInclude Include="IOCP\TextIOCPServer.h">
      <Filter>Header Files</Filter>
    </ClInclude>
    <ClInclude Include="IOCP\ThreadPool.h">
      <Filter>Header Files</Filter>
    </ClInclude>
    <ClInclude Include="SocketConnectionPool.h">
      <Filter>Header Files</Filter>
    </ClInclude>
    <ClInclude Include="Utils.h">
      <Filter>Header Files</Filter>
    </ClInclude>
    <ClInclude Include="executePool.h">
      <Filter>Header Files</Filter>
    </ClInclude>
    <ClInclude Include="config\Configuration.h">
      <Filter>Header Files</Filter>
    </ClInclude>
    <ClInclude Include="config\stringfile.h">
      <Filter>Header Files</Filter>
    </ClInclude>
    <ClInclude Include="TaskManagement.h">
      <Filter>Header Files</Filter>
    </ClInclude>
    <ClInclude Include="TradeTask.h">
      <Filter>Header Files</Filter>
    </ClInclude>
    <ClInclude Include="md5.h">
      <Filter>Header Files</Filter>
    </ClInclude>
  </ItemGroup>
  <ItemGroup>
    <ResourceCompile Include="ServerPlugin.rc">
      <Filter>Resource Files</Filter>
    </ResourceCompile>
  </ItemGroup>
  <ItemGroup>
    <None Include="ServerPlugin.def">
      <Filter>Source Files</Filter>
    </None>
  </ItemGroup>
</Project>